
Microsoft Visual Studio Solution File, Format Version 12.00
# Visual Studio Version 17
VisualStudioVersion = 17.13.35919.96 d17.13
MinimumVisualStudioVersion = 10.0.40219.1
Project("{FAE04EC0-301F-11D3-BF4B-00C04F79EFBC}") = "Jhonattan Sanchez", "Jhonattan Sanchez\Jhonattan Sanchez.csproj", "{353BC626-B6AC-43BB-885D-5552E0867DDB}"
EndProject
Global
	GlobalSection(SolutionConfigurationPlatforms) = preSolution
		Debug|Any CPU = Debug|Any CPU
		Release|Any CPU = Release|Any CPU
	EndGlobalSection
	GlobalSection(ProjectConfigurationPlatforms) = postSolution
		{353BC626-B6AC-43BB-885D-5552E0867DDB}.Debug|Any CPU.ActiveCfg = Debug|Any CPU
		{353BC626-B6AC-43BB-885D-5552E0867DDB}.Debug|Any CPU.Build.0 = Debug|Any CPU
		{353BC626-B6AC-43BB-885D-5552E0867DDB}.Release|Any CPU.ActiveCfg = Release|Any CPU
		{353BC626-B6AC-43BB-885D-5552E0867DDB}.Release|Any CPU.Build.0 = Release|Any CPU
	EndGlobalSection
	GlobalSection(SolutionProperties) = preSolution
		HideSolutionNode = FALSE
	EndGlobalSection
	GlobalSection(ExtensibilityGlobals) = postSolution
		SolutionGuid = {AD1C950B-BADE-4060-90A9-85233A43CE37}
	EndGlobalSection
EndGlobal
